
Microsoft Visual Studio Solution File, Format Version 12.00
# Visual Studio Version 17
VisualStudioVersion = 17.5.002.0
MinimumVisualStudioVersion = 10.0.40219.1
Project("{9A19103F-16F7-4668-BE54-9A1E7A4F7556}") = "2", "2.csproj", "{305C02FE-A0E5-4BDD-8DA4-F00BF6C49DB1}"
EndProject
Global
	GlobalSection(SolutionConfigurationPlatforms) = preSolution
		Debug|Any CPU = Debug|Any CPU
		Release|Any CPU = Release|Any CPU
	EndGlobalSection
	GlobalSection(ProjectConfigurationPlatforms) = postSolution
		{305C02FE-A0E5-4BDD-8DA4-F00BF6C49DB1}.Debug|Any CPU.ActiveCfg = Debug|Any CPU
		{305C02FE-A0E5-4BDD-8DA4-F00BF6C49DB1}.Debug|Any CPU.Build.0 = Debug|Any CPU
		{305C02FE-A0E5-4BDD-8DA4-F00BF6C49DB1}.Release|Any CPU.ActiveCfg = Release|Any CPU
		{305C02FE-A0E5-4BDD-8DA4-F00BF6C49DB1}.Release|Any CPU.Build.0 = Release|Any CPU
	EndGlobalSection
	GlobalSection(SolutionProperties) = preSolution
		HideSolutionNode = FALSE
	EndGlobalSection
	GlobalSection(ExtensibilityGlobals) = postSolution
		SolutionGuid = {3A75EA94-D37B-4380-A5CF-7124F901D43C}
	EndGlobalSection
EndGlobal
